
Microsoft Visual Studio Solution File, Format Version 12.00
# Visual Studio 15
VisualStudioVersion = 15.0.27703.2000
MinimumVisualStudioVersion = 10.0.40219.1
Project("{2150E333-8FDC-42A3-9474-1A3956D46DE8}") = "0. Documents", "0. Documents", "{654BDEA7-4198-4030-8E2E-2A8E418C1059}"
EndProject
Project("{2150E333-8FDC-42A3-9474-1A3956D46DE8}") = "1. Infrastructure", "1. Infrastructure", "{7B453A07-4103-469B-88A7-DDBC2D7E7EE4}"
EndProject
Project("{2150E333-8FDC-42A3-9474-1A3956D46DE8}") = "2. Domain", "2. Domain", "{BBFF0C42-BEFB-45D9-AC72-B221FB567F23}"
EndProject
Project("{2150E333-8FDC-42A3-9474-1A3956D46DE8}") = "3. Application", "3. Application", "{FCB990CE-65EE-418C-AE2E-9B1B6A878EF0}"
EndProject
Project("{2150E333-8FDC-42A3-9474-1A3956D46DE8}") = "4. Hosts", "4. Hosts", "{265D9F35-24F6-4AB7-BE3A-7CE78777844D}"
EndProject
Project("{2150E333-8FDC-42A3-9474-1A3956D46DE8}") = "5. Test", "5. Test", "{359DB97E-31CF-4C6D-86F5-B3F4F001AD44}"
EndProject
Project("{FAE04EC0-301F-11D3-BF4B-00C04F79EFBC}") = "DDD.Application.Service", "Application\DDD.Application.Service\DDD.Application.Service.csproj", "{11005506-0C00-4EE5-889E-DB36CFEC0712}"
EndProject
Project("{FAE04EC0-301F-11D3-BF4B-00C04F79EFBC}") = "DDD.Infrastructure.AutoMapper", "Infrastructure\DDD.Infrastructure.AutoMapper\DDD.Infrastructure.AutoMapper.csproj", "{9D4BB42F-628D-4F8D-871C-C3F01AC37466}"
EndProject
Project("{FAE04EC0-301F-11D3-BF4B-00C04F79EFBC}") = "DDD.Infrastructure.Redis", "Infrastructure\Redis\DDD.Infrastructure.Redis.csproj", "{8A7E9AEF-41DC-4C3B-A813-6658830ED8C2}"
EndProject
Project("{FAE04EC0-301F-11D3-BF4B-00C04F79EFBC}") = "DDD.Infrastructure.Ioc", "Infrastructure\DDD.Infrastructure.Ioc\DDD.Infrastructure.Ioc.csproj", "{973743A2-FD9A-4FDD-97FF-A25273EE0172}"
EndProject
Project("{FAE04EC0-301F-11D3-BF4B-00C04F79EFBC}") = "DDD.Infrastructure.Domain", "Infrastructure\DDD.Infrastructure.Domain\DDD.Infrastructure.Domain.csproj", "{7C5E4721-D51A-49F8-8A5B-D03CF4BA32E1}"
EndProject
Project("{FAE04EC0-301F-11D3-BF4B-00C04F79EFBC}") = "DDD.Domain.Service", "Domain\DDD.Domain.Service\DDD.Domain.Service.csproj", "{A9D232A7-7579-410F-8503-B6006871BCB6}"
EndProject
Project("{FAE04EC0-301F-11D3-BF4B-00C04F79EFBC}") = "DDD.Infrastructure.Common", "Infrastructure\DDD.Infrastructure.Common\DDD.Infrastructure.Common.csproj", "{27DFCD09-EE71-4506-B64C-86D9226B3C96}"
EndProject
Project("{FAE04EC0-301F-11D3-BF4B-00C04F79EFBC}") = "DDD.Application.Dto", "Application\DDD.Application.Dto\DDD.Application.Dto.csproj", "{19258A4B-5AB0-4F47-B5F8-97604D0D0B62}"
EndProject
Project("{FAE04EC0-301F-11D3-BF4B-00C04F79EFBC}") = "DDD.Domain.Core", "Domain\DDD.Domain.Core\DDD.Domain.Core.csproj", "{3079A3B6-C723-4147-AAA6-5239343A164B}"
EndProject
Project("{FAE04EC0-301F-11D3-BF4B-00C04F79EFBC}") = "DDD.Infrastructure.WebApi", "Infrastructure\DDD.Infrastructure.WebApi\DDD.Infrastructure.WebApi.csproj", "{ABF2D0DA-F8B7-4E75-9F16-BF133C6BE7F4}"
EndProject
Project("{FAE04EC0-301F-11D3-BF4B-00C04F79EFBC}") = "DDD.Infrastructure.Web", "Infrastructure\DDD.Infrastructure.Web\DDD.Infrastructure.Web.csproj", "{808D7042-E3C1-430D-ACD4-9ACCABE96303}"
EndProject
Project("{FAE04EC0-301F-11D3-BF4B-00C04F79EFBC}") = "DDD.Infrastructure.Logger", "Infrastructure\DDD.Infrastructure.Logger\DDD.Infrastructure.Logger.csproj", "{194732D4-482E-461E-8697-5679C54E6EF8}"
EndProject
Project("{FAE04EC0-301F-11D3-BF4B-00C04F79EFBC}") = "DDD.SqlServer.Test", "Test\DDD.SqlServer.Test\DDD.SqlServer.Test.csproj", "{1007BF18-F187-44E4-A793-CF5135740A00}"
EndProject
Project("{FAE04EC0-301F-11D3-BF4B-00C04F79EFBC}") = "DDD.Infrastructure.Hangfire", "Infrastructure\DDD.Infrastructure.Hangfire\DDD.Infrastructure.Hangfire.csproj", "{ACF63C33-58A0-488C-AD98-5AF0A5A61044}"
EndProject
Project("{FAE04EC0-301F-11D3-BF4B-00C04F79EFBC}") = "DDD.Infrastructure.Web.Mvc", "Infrastructure\DDD.Infrastructure.Web.Mvc\DDD.Infrastructure.Web.Mvc.csproj", "{E4CACC71-F0C8-4F60-9676-7E4ED28B54FA}"
EndProject
Project("{FAE04EC0-301F-11D3-BF4B-00C04F79EFBC}") = "DDD.Infrastructure.MongoDb", "Infrastructure\DDD.Infrastructure.MongoDb\DDD.Infrastructure.MongoDb.csproj", "{0B42252D-B7FC-4CA6-8D2A-71B4BC33F416}"
EndProject
Project("{FAE04EC0-301F-11D3-BF4B-00C04F79EFBC}") = "DDD.Oracle.Test", "Test\DDD.Oracle.Test\DDD.Oracle.Test.csproj", "{3AD84A14-1B5D-4C3E-9F25-314F1E8B3358}"
EndProject
Project("{FAE04EC0-301F-11D3-BF4B-00C04F79EFBC}") = "DDD.Infrastructure.Quartz", "Infrastructure\DDD.Infrastructure.Quartz\DDD.Infrastructure.Quartz.csproj", "{7226C34C-CA2C-4E37-AECE-AC6E679CBF20}"
EndProject
Project("{FAE04EC0-301F-11D3-BF4B-00C04F79EFBC}") = "DDD.WebApi", "Host\DDD.WebApi\DDD.WebApi.csproj", "{B3B32C4C-9E95-48DA-A20F-5A7DB4718AE1}"
EndProject
Project("{FAE04EC0-301F-11D3-BF4B-00C04F79EFBC}") = "DDD.Schedule", "Host\DDD.Schedule\DDD.Schedule.csproj", "{45B9D8EB-6FB0-400D-80B6-E9F5D82716A8}"
EndProject
Project("{FAE04EC0-301F-11D3-BF4B-00C04F79EFBC}") = "Oracle.EfTest", "Test\Oracle.EfTest\Oracle.EfTest.csproj", "{358E1CEE-5541-41DF-B0E7-7E422A9AB013}"
EndProject
Project("{FAE04EC0-301F-11D3-BF4B-00C04F79EFBC}") = "DDD.Web.Mvc", "Host\DDD.Web.Mvc\DDD.Web.Mvc.csproj", "{EB8F8DD7-3D3E-4A7C-808D-F8355411D381}"
EndProject
Global
	GlobalSection(SolutionConfigurationPlatforms) = preSolution
		Debug|Any CPU = Debug|Any CPU
		Release|Any CPU = Release|Any CPU
	EndGlobalSection
	GlobalSection(ProjectConfigurationPlatforms) = postSolution
		{11005506-0C00-4EE5-889E-DB36CFEC0712}.Debug|Any CPU.ActiveCfg = Debug|Any CPU
		{11005506-0C00-4EE5-889E-DB36CFEC0712}.Debug|Any CPU.Build.0 = Debug|Any CPU
		{11005506-0C00-4EE5-889E-DB36CFEC0712}.Release|Any CPU.ActiveCfg = Release|Any CPU
		{11005506-0C00-4EE5-889E-DB36CFEC0712}.Release|Any CPU.Build.0 = Release|Any CPU
		{9D4BB42F-628D-4F8D-871C-C3F01AC37466}.Debug|Any CPU.ActiveCfg = Debug|Any CPU
		{9D4BB42F-628D-4F8D-871C-C3F01AC37466}.Debug|Any CPU.Build.0 = Debug|Any CPU
		{9D4BB42F-628D-4F8D-871C-C3F01AC37466}.Release|Any CPU.ActiveCfg = Release|Any CPU
		{9D4BB42F-628D-4F8D-871C-C3F01AC37466}.Release|Any CPU.Build.0 = Release|Any CPU
		{8A7E9AEF-41DC-4C3B-A813-6658830ED8C2}.Debug|Any CPU.ActiveCfg = Debug|Any CPU
		{8A7E9AEF-41DC-4C3B-A813-6658830ED8C2}.Debug|Any CPU.Build.0 = Debug|Any CPU
		{8A7E9AEF-41DC-4C3B-A813-6658830ED8C2}.Release|Any CPU.ActiveCfg = Release|Any CPU
		{8A7E9AEF-41DC-4C3B-A813-6658830ED8C2}.Release|Any CPU.Build.0 = Release|Any CPU
		{973743A2-FD9A-4FDD-97FF-A25273EE0172}.Debug|Any CPU.ActiveCfg = Debug|Any CPU
		{973743A2-FD9A-4FDD-97FF-A25273EE0172}.Debug|Any CPU.Build.0 = Debug|Any CPU
		{973743A2-FD9A-4FDD-97FF-A25273EE0172}.Release|Any CPU.ActiveCfg = Release|Any CPU
		{973743A2-FD9A-4FDD-97FF-A25273EE0172}.Release|Any CPU.Build.0 = Release|Any CPU
		{7C5E4721-D51A-49F8-8A5B-D03CF4BA32E1}.Debug|Any CPU.ActiveCfg = Debug|Any CPU
		{7C5E4721-D51A-49F8-8A5B-D03CF4BA32E1}.Debug|Any CPU.Build.0 = Debug|Any CPU
		{7C5E4721-D51A-49F8-8A5B-D03CF4BA32E1}.Release|Any CPU.ActiveCfg = Release|Any CPU
		{7C5E4721-D51A-49F8-8A5B-D03CF4BA32E1}.Release|Any CPU.Build.0 = Release|Any CPU
		{A9D232A7-7579-410F-8503-B6006871BCB6}.Debug|Any CPU.ActiveCfg = Debug|Any CPU
		{A9D232A7-7579-410F-8503-B6006871BCB6}.Debug|Any CPU.Build.0 = Debug|Any CPU
		{A9D232A7-7579-410F-8503-B6006871BCB6}.Release|Any CPU.ActiveCfg = Release|Any CPU
		{A9D232A7-7579-410F-8503-B6006871BCB6}.Release|Any CPU.Build.0 = Release|Any CPU
		{27DFCD09-EE71-4506-B64C-86D9226B3C96}.Debug|Any CPU.ActiveCfg = Debug|Any CPU
		{27DFCD09-EE71-4506-B64C-86D9226B3C96}.Debug|Any CPU.Build.0 = Debug|Any CPU
		{27DFCD09-EE71-4506-B64C-86D9226B3C96}.Release|Any CPU.ActiveCfg = Release|Any CPU
		{27DFCD09-EE71-4506-B64C-86D9226B3C96}.Release|Any CPU.Build.0 = Release|Any CPU
		{19258A4B-5AB0-4F47-B5F8-97604D0D0B62}.Debug|Any CPU.ActiveCfg = Debug|Any CPU
		{19258A4B-5AB0-4F47-B5F8-97604D0D0B62}.Debug|Any CPU.Build.0 = Debug|Any CPU
		{19258A4B-5AB0-4F47-B5F8-97604D0D0B62}.Release|Any CPU.ActiveCfg = Release|Any CPU
		{19258A4B-5AB0-4F47-B5F8-97604D0D0B62}.Release|Any CPU.Build.0 = Release|Any CPU
		{3079A3B6-C723-4147-AAA6-5239343A164B}.Debug|Any CPU.ActiveCfg = Debug|Any CPU
		{3079A3B6-C723-4147-AAA6-5239343A164B}.Debug|Any CPU.Build.0 = Debug|Any CPU
		{3079A3B6-C723-4147-AAA6-5239343A164B}.Release|Any CPU.ActiveCfg = Release|Any CPU
		{3079A3B6-C723-4147-AAA6-5239343A164B}.Release|Any CPU.Build.0 = Release|Any CPU
		{ABF2D0DA-F8B7-4E75-9F16-BF133C6BE7F4}.Debug|Any CPU.ActiveCfg = Debug|Any CPU
		{ABF2D0DA-F8B7-4E75-9F16-BF133C6BE7F4}.Debug|Any CPU.Build.0 = Debug|Any CPU
		{ABF2D0DA-F8B7-4E75-9F16-BF133C6BE7F4}.Release|Any CPU.ActiveCfg = Release|Any CPU
		{ABF2D0DA-F8B7-4E75-9F16-BF133C6BE7F4}.Release|Any CPU.Build.0 = Release|Any CPU
		{808D7042-E3C1-430D-ACD4-9ACCABE96303}.Debug|Any CPU.ActiveCfg = Debug|Any CPU
		{808D7042-E3C1-430D-ACD4-9ACCABE96303}.Debug|Any CPU.Build.0 = Debug|Any CPU
		{808D7042-E3C1-430D-ACD4-9ACCABE96303}.Release|Any CPU.ActiveCfg = Release|Any CPU
		{808D7042-E3C1-430D-ACD4-9ACCABE96303}.Release|Any CPU.Build.0 = Release|Any CPU
		{194732D4-482E-461E-8697-5679C54E6EF8}.Debug|Any CPU.ActiveCfg = Debug|Any CPU
		{194732D4-482E-461E-8697-5679C54E6EF8}.Debug|Any CPU.Build.0 = Debug|Any CPU
		{194732D4-482E-461E-8697-5679C54E6EF8}.Release|Any CPU.ActiveCfg = Release|Any CPU
		{194732D4-482E-461E-8697-5679C54E6EF8}.Release|Any CPU.Build.0 = Release|Any CPU
		{1007BF18-F187-44E4-A793-CF5135740A00}.Debug|Any CPU.ActiveCfg = Debug|Any CPU
		{1007BF18-F187-44E4-A793-CF5135740A00}.Debug|Any CPU.Build.0 = Debug|Any CPU
		{1007BF18-F187-44E4-A793-CF5135740A00}.Release|Any CPU.ActiveCfg = Release|Any CPU
		{1007BF18-F187-44E4-A793-CF5135740A00}.Release|Any CPU.Build.0 = Release|Any CPU
		{ACF63C33-58A0-488C-AD98-5AF0A5A61044}.Debug|Any CPU.ActiveCfg = Debug|Any CPU
		{ACF63C33-58A0-488C-AD98-5AF0A5A61044}.Debug|Any CPU.Build.0 = Debug|Any CPU
		{ACF63C33-58A0-488C-AD98-5AF0A5A61044}.Release|Any CPU.ActiveCfg = Release|Any CPU
		{ACF63C33-58A0-488C-AD98-5AF0A5A61044}.Release|Any CPU.Build.0 = Release|Any CPU
		{E4CACC71-F0C8-4F60-9676-7E4ED28B54FA}.Debug|Any CPU.ActiveCfg = Debug|Any CPU
		{E4CACC71-F0C8-4F60-9676-7E4ED28B54FA}.Debug|Any CPU.Build.0 = Debug|Any CPU
		{E4CACC71-F0C8-4F60-9676-7E4ED28B54FA}.Release|Any CPU.ActiveCfg = Release|Any CPU
		{E4CACC71-F0C8-4F60-9676-7E4ED28B54FA}.Release|Any CPU.Build.0 = Release|Any CPU
		{0B42252D-B7FC-4CA6-8D2A-71B4BC33F416}.Debug|Any CPU.ActiveCfg = Debug|Any CPU
		{0B42252D-B7FC-4CA6-8D2A-71B4BC33F416}.Debug|Any CPU.Build.0 = Debug|Any CPU
		{0B42252D-B7FC-4CA6-8D2A-71B4BC33F416}.Release|Any CPU.ActiveCfg = Release|Any CPU
		{0B42252D-B7FC-4CA6-8D2A-71B4BC33F416}.Release|Any CPU.Build.0 = Release|Any CPU
		{3AD84A14-1B5D-4C3E-9F25-314F1E8B3358}.Debug|Any CPU.ActiveCfg = Debug|Any CPU
		{3AD84A14-1B5D-4C3E-9F25-314F1E8B3358}.Debug|Any CPU.Build.0 = Debug|Any CPU
		{3AD84A14-1B5D-4C3E-9F25-314F1E8B3358}.Release|Any CPU.ActiveCfg = Release|Any CPU
		{3AD84A14-1B5D-4C3E-9F25-314F1E8B3358}.Release|Any CPU.Build.0 = Release|Any CPU
		{7226C34C-CA2C-4E37-AECE-AC6E679CBF20}.Debug|Any CPU.ActiveCfg = Debug|Any CPU
		{7226C34C-CA2C-4E37-AECE-AC6E679CBF20}.Debug|Any CPU.Build.0 = Debug|Any CPU
		{7226C34C-CA2C-4E37-AECE-AC6E679CBF20}.Release|Any CPU.ActiveCfg = Release|Any CPU
		{7226C34C-CA2C-4E37-AECE-AC6E679CBF20}.Release|Any CPU.Build.0 = Release|Any CPU
		{B3B32C4C-9E95-48DA-A20F-5A7DB4718AE1}.Debug|Any CPU.ActiveCfg = Debug|Any CPU
		{B3B32C4C-9E95-48DA-A20F-5A7DB4718AE1}.Debug|Any CPU.Build.0 = Debug|Any CPU
		{B3B32C4C-9E95-48DA-A20F-5A7DB4718AE1}.Release|Any CPU.ActiveCfg = Release|Any CPU
		{B3B32C4C-9E95-48DA-A20F-5A7DB4718AE1}.Release|Any CPU.Build.0 = Release|Any CPU
		{45B9D8EB-6FB0-400D-80B6-E9F5D82716A8}.Debug|Any CPU.ActiveCfg = Debug|Any CPU
		{45B9D8EB-6FB0-400D-80B6-E9F5D82716A8}.Debug|Any CPU.Build.0 = Debug|Any CPU
		{45B9D8EB-6FB0-400D-80B6-E9F5D82716A8}.Release|Any CPU.ActiveCfg = Release|Any CPU
		{45B9D8EB-6FB0-400D-80B6-E9F5D82716A8}.Release|Any CPU.Build.0 = Release|Any CPU
		{358E1CEE-5541-41DF-B0E7-7E422A9AB013}.Debug|Any CPU.ActiveCfg = Debug|Any CPU
		{358E1CEE-5541-41DF-B0E7-7E422A9AB013}.Debug|Any CPU.Build.0 = Debug|Any CPU
		{358E1CEE-5541-41DF-B0E7-7E422A9AB013}.Release|Any CPU.ActiveCfg = Release|Any CPU
		{358E1CEE-5541-41DF-B0E7-7E422A9AB013}.Release|Any CPU.Build.0 = Release|Any CPU
		{EB8F8DD7-3D3E-4A7C-808D-F8355411D381}.Debug|Any CPU.ActiveCfg = Debug|Any CPU
		{EB8F8DD7-3D3E-4A7C-808D-F8355411D381}.Debug|Any CPU.Build.0 = Debug|Any CPU
		{EB8F8DD7-3D3E-4A7C-808D-F8355411D381}.Release|Any CPU.ActiveCfg = Release|Any CPU
		{EB8F8DD7-3D3E-4A7C-808D-F8355411D381}.Release|Any CPU.Build.0 = Release|Any CPU
	EndGlobalSection
	GlobalSection(SolutionProperties) = preSolution
		HideSolutionNode = FALSE
	EndGlobalSection
	GlobalSection(NestedProjects) = preSolution
		{11005506-0C00-4EE5-889E-DB36CFEC0712} = {FCB990CE-65EE-418C-AE2E-9B1B6A878EF0}
		{9D4BB42F-628D-4F8D-871C-C3F01AC37466} = {7B453A07-4103-469B-88A7-DDBC2D7E7EE4}
		{8A7E9AEF-41DC-4C3B-A813-6658830ED8C2} = {7B453A07-4103-469B-88A7-DDBC2D7E7EE4}
		{973743A2-FD9A-4FDD-97FF-A25273EE0172} = {7B453A07-4103-469B-88A7-DDBC2D7E7EE4}
		{7C5E4721-D51A-49F8-8A5B-D03CF4BA32E1} = {7B453A07-4103-469B-88A7-DDBC2D7E7EE4}
		{A9D232A7-7579-410F-8503-B6006871BCB6} = {BBFF0C42-BEFB-45D9-AC72-B221FB567F23}
		{27DFCD09-EE71-4506-B64C-86D9226B3C96} = {7B453A07-4103-469B-88A7-DDBC2D7E7EE4}
		{19258A4B-5AB0-4F47-B5F8-97604D0D0B62} = {FCB990CE-65EE-418C-AE2E-9B1B6A878EF0}
		{3079A3B6-C723-4147-AAA6-5239343A164B} = {BBFF0C42-BEFB-45D9-AC72-B221FB567F23}
		{ABF2D0DA-F8B7-4E75-9F16-BF133C6BE7F4} = {7B453A07-4103-469B-88A7-DDBC2D7E7EE4}
		{808D7042-E3C1-430D-ACD4-9ACCABE96303} = {7B453A07-4103-469B-88A7-DDBC2D7E7EE4}
		{194732D4-482E-461E-8697-5679C54E6EF8} = {7B453A07-4103-469B-88A7-DDBC2D7E7EE4}
		{1007BF18-F187-44E4-A793-CF5135740A00} = {359DB97E-31CF-4C6D-86F5-B3F4F001AD44}
		{ACF63C33-58A0-488C-AD98-5AF0A5A61044} = {7B453A07-4103-469B-88A7-DDBC2D7E7EE4}
		{E4CACC71-F0C8-4F60-9676-7E4ED28B54FA} = {7B453A07-4103-469B-88A7-DDBC2D7E7EE4}
		{0B42252D-B7FC-4CA6-8D2A-71B4BC33F416} = {7B453A07-4103-469B-88A7-DDBC2D7E7EE4}
		{3AD84A14-1B5D-4C3E-9F25-314F1E8B3358} = {359DB97E-31CF-4C6D-86F5-B3F4F001AD44}
		{7226C34C-CA2C-4E37-AECE-AC6E679CBF20} = {7B453A07-4103-469B-88A7-DDBC2D7E7EE4}
		{B3B32C4C-9E95-48DA-A20F-5A7DB4718AE1} = {265D9F35-24F6-4AB7-BE3A-7CE78777844D}
		{45B9D8EB-6FB0-400D-80B6-E9F5D82716A8} = {265D9F35-24F6-4AB7-BE3A-7CE78777844D}
		{358E1CEE-5541-41DF-B0E7-7E422A9AB013} = {359DB97E-31CF-4C6D-86F5-B3F4F001AD44}
		{EB8F8DD7-3D3E-4A7C-808D-F8355411D381} = {265D9F35-24F6-4AB7-BE3A-7CE78777844D}
	EndGlobalSection
	GlobalSection(ExtensibilityGlobals) = postSolution
		SolutionGuid = {92EECCC1-7602-42C9-B7AE-6BAD1BFEDFA7}
	EndGlobalSection
EndGlobal
